// !$*UTF8*$!
{
	archiveVersion = 1;
	classes = {
	};
	objectVersion = 55;
	objects = {

/* Begin PBXBuildFile section */
		FC7611A7273CD7FC003CD818 /* InputContainerView.swift in Sources */ = {isa = PBXBuildFile; fileRef = FC7611A6273CD7FC003CD818 /* InputContainerView.swift */; };
		FC7611A9273CD906003CD818 /* CustomTextField.swift in Sources */ = {isa = PBXBuildFile; fileRef = FC7611A8273CD906003CD818 /* CustomTextField.swift */; };
		FC7BD726273A780A00FF89D4 /* AppDelegate.swift in Sources */ = {isa = PBXBuildFile; fileRef = FC7BD725273A780A00FF89D4 /* AppDelegate.swift */; };
		FC7BD728273A780A00FF89D4 /* SceneDelegate.swift in Sources */ = {isa = PBXBuildFile; fileRef = FC7BD727273A780A00FF89D4 /* SceneDelegate.swift */; };
		FC7BD72A273A780A00FF89D4 /* ViewController.swift in Sources */ = {isa = PBXBuildFile; fileRef = FC7BD729273A780A00FF89D4 /* ViewController.swift */; };
		FC7BD72D273A780A00FF89D4 /* Main.storyboard in Resources */ = {isa = PBXBuildFile; fileRef = FC7BD72B273A780A00FF89D4 /* Main.storyboard */; };
		FC7BD730273A780A00FF89D4 /* CustomCell.xcdatamodeld in Sources */ = {isa = PBXBuildFile; fileRef = FC7BD72E273A780A00FF89D4 /* CustomCell.xcdatamodeld */; };
		FC7BD732273A780C00FF89D4 /* Assets.xcassets in Resources */ = {isa = PBXBuildFile; fileRef = FC7BD731273A780C00FF89D4 /* Assets.xcassets */; };
		FC7BD735273A780C00FF89D4 /* LaunchScreen.storyboard in Resources */ = {isa = PBXBuildFile; fileRef = FC7BD733273A780C00FF89D4 /* LaunchScreen.storyboard */; };
		FC7BD73D273A797300FF89D4 /* Item.swift in Sources */ = {isa = PBXBuildFile; fileRef = FC7BD73C273A797300FF89D4 /* Item.swift */; };
		FC7BD73F273A7A0C00FF89D4 /* ConversionCell.swift in Sources */ = {isa = PBXBuildFile; fileRef = FC7BD73E273A7A0C00FF89D4 /* ConversionCell.swift */; };
		FC7BD746273BC94700FF89D4 /* LoginViewController.swift in Sources */ = {isa = PBXBuildFile; fileRef = FC7BD745273BC94700FF89D4 /* LoginViewController.swift */; };
		FC7BD748273BCFF400FF89D4 /* SignUpViewController.swift in Sources */ = {isa = PBXBuildFile; fileRef = FC7BD747273BCFF400FF89D4 /* SignUpViewController.swift */; };
/* End PBXBuildFile section */

/* Begin PBXFileReference section */
		FC7611A6273CD7FC003CD818 /* InputContainerView.swift */ = {isa = PBXFileReference; lastKnownFileType = sourcecode.swift; path = InputContainerView.swift; sourceTree = "<group>"; };
		FC7611A8273CD906003CD818 /* CustomTextField.swift */ = {isa = PBXFileReference; lastKnownFileType = sourcecode.swift; path = CustomTextField.swift; sourceTree = "<group>"; };
		FC7BD722273A780A00FF89D4 /* CustomCell.app */ = {isa = PBXFileReference; explicitFileType = wrapper.application; includeInIndex = 0; path = CustomCell.app; sourceTree = BUILT_PRODUCTS_DIR; };
		FC7BD725273A780A00FF89D4 /* AppDelegate.swift */ = {isa = PBXFileReference; lastKnownFileType = sourcecode.swift; path = AppDelegate.swift; sourceTree = "<group>"; };
		FC7BD727273A780A00FF89D4 /* SceneDelegate.swift */ = {isa = PBXFileReference; lastKnownFileType = sourcecode.swift; path = SceneDelegate.swift; sourceTree = "<group>"; };
		FC7BD729273A780A00FF89D4 /* ViewController.swift */ = {isa = PBXFileReference; lastKnownFileType = sourcecode.swift; path = ViewController.swift; sourceTree = "<group>"; };
		FC7BD72C273A780A00FF89D4 /* Base */ = {isa = PBXFileReference; lastKnownFileType = file.storyboard; name = Base; path = Base.lproj/Main.storyboard; sourceTree = "<group>"; };
		FC7BD72F273A780A00FF89D4 /* CustomCell.xcdatamodel */ = {isa = PBXFileReference; lastKnownFileType = wrapper.xcdatamodel; path = CustomCell.xcdatamodel; sourceTree = "<group>"; };
		FC7BD731273A780C00FF89D4 /* Assets.xcassets */ = {isa = PBXFileReference; lastKnownFileType = folder.assetcatalog; path = Assets.xcassets; sourceTree = "<group>"; };
		FC7BD734273A780C00FF89D4 /* Base */ = {isa = PBXFileReference; lastKnownFileType = file.storyboard; name = Base; path = Base.lproj/LaunchScreen.storyboard; sourceTree = "<group>"; };
		FC7BD736273A780C00FF89D4 /* Info.plist */ = {isa = PBXFileReference; lastKnownFileType = text.plist.xml; path = Info.plist; sourceTree = "<group>"; };
		FC7BD73C273A797300FF89D4 /* Item.swift */ = {isa = PBXFileReference; lastKnownFileType = sourcecode.swift; path = Item.swift; sourceTree = "<group>"; };
		FC7BD73E273A7A0C00FF89D4 /* ConversionCell.swift */ = {isa = PBXFileReference; lastKnownFileType = sourcecode.swift; path = ConversionCell.swift; sourceTree = "<group>"; };
		FC7BD745273BC94700FF89D4 /* LoginViewController.swift */ = {isa = PBXFileReference; lastKnownFileType = sourcecode.swift; path = LoginViewController.swift; sourceTree = "<group>"; };
		FC7BD747273BCFF400FF89D4 /* SignUpViewController.swift */ = {isa = PBXFileReference; lastKnownFileType = sourcecode.swift; path = SignUpViewController.swift; sourceTree = "<group>"; };
/* End PBXFileReference section */

/* Begin PBXFrameworksBuildPhase section */
		FC7BD71F273A780A00FF89D4 /* Frameworks */ = {
			isa = PBXFrameworksBuildPhase;
			buildActionMask = 2147483647;
			files = (
			);
			runOnlyForDeploymentPostprocessing = 0;
		};
/* End PBXFrameworksBuildPhase section */

/* Begin PBXGroup section */
		FC7BD719273A780A00FF89D4 = {
			isa = PBXGroup;
			children = (
				FC7BD724273A780A00FF89D4 /* CustomCell */,
				FC7BD723273A780A00FF89D4 /* Products */,
			);
			sourceTree = "<group>";
		};
		FC7BD723273A780A00FF89D4 /* Products */ = {
			isa = PBXGroup;
			children = (
				FC7BD722273A780A00FF89D4 /* CustomCell.app */,
			);
			name = Products;
			sourceTree = "<group>";
		};
		FC7BD724273A780A00FF89D4 /* CustomCell */ = {
			isa = PBXGroup;
			children = (
				FC7BD749273BCFF700FF89D4 /* Controllers */,
				FC7BD725273A780A00FF89D4 /* AppDelegate.swift */,
				FC7BD727273A780A00FF89D4 /* SceneDelegate.swift */,
				FC7BD72B273A780A00FF89D4 /* Main.storyboard */,
				FC7BD731273A780C00FF89D4 /* Assets.xcassets */,
				FC7BD733273A780C00FF89D4 /* LaunchScreen.storyboard */,
				FC7BD736273A780C00FF89D4 /* Info.plist */,
				FC7BD72E273A780A00FF89D4 /* CustomCell.xcdatamodeld */,
				FC7BD73C273A797300FF89D4 /* Item.swift */,
				FC7BD73E273A7A0C00FF89D4 /* ConversionCell.swift */,
				FC7611A6273CD7FC003CD818 /* InputContainerView.swift */,
				FC7611A8273CD906003CD818 /* CustomTextField.swift */,
			);
			path = CustomCell;
			sourceTree = "<group>";
		};
		FC7BD749273BCFF700FF89D4 /* Controllers */ = {
			isa = PBXGroup;
			children = (
				FC7BD729273A780A00FF89D4 /* ViewController.swift */,
				FC7BD745273BC94700FF89D4 /* LoginViewController.swift */,
				FC7BD747273BCFF400FF89D4 /* SignUpViewController.swift */,
			);
			path = Controllers;
			sourceTree = "<group>";
		};
/* End PBXGroup section */

/* Begin PBXNativeTarget section */
		FC7BD721273A780A00FF89D4 /* CustomCell */ = {
			isa = PBXNativeTarget;
			buildConfigurationList = FC7BD739273A780C00FF89D4 /* Build configuration list for PBXNativeTarget "CustomCell" */;
			buildPhases = (
				FC7BD71E273A780A00FF89D4 /* Sources */,
				FC7BD71F273A780A00FF89D4 /* Frameworks */,
				FC7BD720273A780A00FF89D4 /* Resources */,
			);
			buildRules = (
			);
			dependencies = (
			);
			name = CustomCell;
			productName = CustomCell;
			productReference = FC7BD722273A780A00FF89D4 /* CustomCell.app */;
			productType = "com.apple.product-type.application";
		};
/* End PBXNativeTarget section */

/* Begin PBXProject section */
		FC7BD71A273A780A00FF89D4 /* Project object */ = {
			isa = PBXProject;
			attributes = {
				BuildIndependentTargetsInParallel = 1;
				LastSwiftUpdateCheck = 1310;
				LastUpgradeCheck = 1310;
				TargetAttributes = {
					FC7BD721273A780A00FF89D4 = {
						CreatedOnToolsVersion = 13.1;
					};
				};
			};
			buildConfigurationList = FC7BD71D273A780A00FF89D4 /* Build configuration list for PBXProject "CustomCell" */;
			compatibilityVersion = "Xcode 13.0";
			developmentRegion = en;
			hasScannedForEncodings = 0;
			knownRegions = (
				en,
				Base,
			);
			mainGroup = FC7BD719273A780A00FF89D4;
			productRefGroup = FC7BD723273A780A00FF89D4 /* Products */;
			projectDirPath = "";
			projectRoot = "";
			targets = (
				FC7BD721273A780A00FF89D4 /* CustomCell */,
			);
		};
/* End PBXProject section */

/* Begin PBXResourcesBuildPhase section */
		FC7BD720273A780A00FF89D4 /* Resources */ = {
			isa = PBXResourcesBuildPhase;
			buildActionMask = 2147483647;
			files = (
				FC7BD735273A780C00FF89D4 /* LaunchScreen.storyboard in Resources */,
				FC7BD732273A780C00FF89D4 /* Assets.xcassets in Resources */,
				FC7BD72D273A780A00FF89D4 /* Main.storyboard in Resources */,
			);
			runOnlyForDeploymentPostprocessing = 0;
		};
/* End PBXResourcesBuildPhase section */

/* Begin PBXSourcesBuildPhase section */
		FC7BD71E273A780A00FF89D4 /* Sources */ = {
			isa = PBXSourcesBuildPhase;
			buildActionMask = 2147483647;
			files = (
				FC7BD746273BC94700FF89D4 /* LoginViewController.swift in Sources */,
				FC7BD73D273A797300FF89D4 /* Item.swift in Sources */,
				FC7BD748273BCFF400FF89D4 /* SignUpViewController.swift in Sources */,
				FC7BD72A273A780A00FF89D4 /* ViewController.swift in Sources */,
				FC7611A9273CD906003CD818 /* CustomTextField.swift in Sources */,
				FC7611A7273CD7FC003CD818 /* InputContainerView.swift in Sources */,
				FC7BD73F273A7A0C00FF89D4 /* ConversionCell.swift in Sources */,
				FC7BD726273A780A00FF89D4 /* AppDelegate.swift in Sources */,
				FC7BD730273A780A00FF89D4 /* CustomCell.xcdatamodeld in Sources */,
				FC7BD728273A780A00FF89D4 /* SceneDelegate.swift in Sources */,
			);
			runOnlyForDeploymentPostprocessing = 0;
		};
/* End PBXSourcesBuildPhase section */

/* Begin PBXVariantGroup section */
		FC7BD72B273A780A00FF89D4 /* Main.storyboard */ = {
			isa = PBXVariantGroup;
			children = (
				FC7BD72C273A780A00FF89D4 /* Base */,
			);
			name = Main.storyboard;
			sourceTree = "<group>";
		};
		FC7BD733273A780C00FF89D4 /* LaunchScreen.storyboard */ = {
			isa = PBXVariantGroup;
			children = (
				FC7BD734273A780C00FF89D4 /* Base */,
			);
			name = LaunchScreen.storyboard;
			sourceTree = "<group>";
		};
/* End PBXVariantGroup section */

/* Begin XCBuildConfiguration section */
		FC7BD737273A780C00FF89D4 /* Debug */ = {
			isa = XCBuildConfiguration;
			buildSettings = {
				ALWAYS_SEARCH_USER_PATHS = NO;
				CLANG_ANALYZER_NONNULL = YES;
				CLANG_ANALYZER_NUMBER_OBJECT_CONVERSION = YES_AGGRESSIVE;
				CLANG_CXX_LANGUAGE_STANDARD = "gnu++17";
				CLANG_CXX_LIBRARY = "libc++";
				CLANG_ENABLE_MODULES = YES;
				CLANG_ENABLE_OBJC_ARC = YES;
				CLANG_ENABLE_OBJC_WEAK = YES;
				CLANG_WARN_BLOCK_CAPTURE_AUTORELEASING = YES;
				CLANG_WARN_BOOL_CONVERSION = YES;
				CLANG_WARN_COMMA = YES;
				CLANG_WARN_CONSTANT_CONVERSION = YES;
				CLANG_WARN_DEPRECATED_OBJC_IMPLEMENTATIONS = YES;
				CLANG_WARN_DIRECT_OBJC_ISA_USAGE = YES_ERROR;
				CLANG_WARN_DOCUMENTATION_COMMENTS = YES;
				CLANG_WARN_EMPTY_BODY = YES;
				CLANG_WARN_ENUM_CONVERSION = YES;
				CLANG_WARN_INFINITE_RECURSION = YES;
				CLANG_WARN_INT_CONVERSION = YES;
				CLANG_WARN_NON_LITERAL_NULL_CONVERSION = YES;
				CLANG_WARN_OBJC_IMPLICIT_RETAIN_SELF = YES;
				CLANG_WARN_OBJC_LITERAL_CONVERSION = YES;
				CLANG_WARN_OBJC_ROOT_CLASS = YES_ERROR;
				CLANG_WARN_QUOTED_INCLUDE_IN_FRAMEWORK_HEADER = YES;
				CLANG_WARN_RANGE_LOOP_ANALYSIS = YES;
				CLANG_WARN_STRICT_PROTOTYPES = YES;
				CLANG_WARN_SUSPICIOUS_MOVE = YES;
				CLANG_WARN_UNGUARDED_AVAILABILITY = YES_AGGRESSIVE;
				CLANG_WARN_UNREACHABLE_CODE = YES;
				CLANG_WARN__DUPLICATE_METHOD_MATCH = YES;
				COPY_PHASE_STRIP = NO;
				DEBUG_INFORMATION_FORMAT = dwarf;
				ENABLE_STRICT_OBJC_MSGSEND = YES;
				ENABLE_TESTABILITY = YES;
				GCC_C_LANGUAGE_STANDARD = gnu11;
				GCC_DYNAMIC_NO_PIC = NO;
				GCC_NO_COMMON_BLOCKS = YES;
				GCC_OPTIMIZATION_LEVEL = 0;
				GCC_PREPROCESSOR_DEFINITIONS = (
					"DEBUG=1",
					"$(inherited)",
				);
				GCC_WARN_64_TO_32_BIT_CONVERSION = YES;
				GCC_WARN_ABOUT_RETURN_TYPE = YES_ERROR;
				GCC_WARN_UNDECLARED_SELECTOR = YES;
				GCC_WARN_UNINITIALIZED_AUTOS = YES_AGGRESSIVE;
				GCC_WARN_UNUSED_FUNCTION = YES;
				GCC_WARN_UNUSED_VARIABLE = YES;
				IPHONEOS_DEPLOYMENT_TARGET = 15.0;
				MTL_ENABLE_DEBUG_INFO = INCLUDE_SOURCE;
				MTL_FAST_MATH = YES;
				ONLY_ACTIVE_ARCH = YES;
				SDKROOT = iphoneos;
				SWIFT_ACTIVE_COMPILATION_CONDITIONS = DEBUG;
				SWIFT_OPTIMIZATION_LEVEL = "-Onone";
			};
			name = Debug;
		};
		FC7BD738273A780C00FF89D4 /* Release */ = {
			isa = XCBuildConfiguration;
			buildSettings = {
				ALWAYS_SEARCH_USER_PATHS = NO;
				CLANG_ANALYZER_NONNULL = YES;
				CLANG_ANALYZER_NUMBER_OBJECT_CONVERSION = YES_AGGRESSIVE;
				CLANG_CXX_LANGUAGE_STANDARD = "gnu++17";
				CLANG_CXX_LIBRARY = "libc++";
				CLANG_ENABLE_MODULES = YES;
				CLANG_ENABLE_OBJC_ARC = YES;
				CLANG_ENABLE_OBJC_WEAK = YES;
				CLANG_WARN_BLOCK_CAPTURE_AUTORELEASING = YES;
				CLANG_WARN_BOOL_CONVERSION = YES;
				CLANG_WARN_COMMA = YES;
				CLANG_WARN_CONSTANT_CONVERSION = YES;
				CLANG_WARN_DEPRECATED_OBJC_IMPLEMENTATIONS = YES;
				CLANG_WARN_DIRECT_OBJC_ISA_USAGE = YES_ERROR;
				CLANG_WARN_DOCUMENTATION_COMMENTS = YES;
				CLANG_WARN_EMPTY_BODY = YES;
				CLANG_WARN_ENUM_CONVERSION = YES;
				CLANG_WARN_INFINITE_RECURSION = YES;
				CLANG_WARN_INT_CONVERSION = YES;
				CLANG_WARN_NON_LITERAL_NULL_CONVERSION = YES;
				CLANG_WARN_OBJC_IMPLICIT_RETAIN_SELF = YES;
				CLANG_WARN_OBJC_LITERAL_CONVERSION = YES;
				CLANG_WARN_OBJC_ROOT_CLASS = YES_ERROR;
				CLANG_WARN_QUOTED_INCLUDE_IN_FRAMEWORK_HEADER = YES;
				CLANG_WARN_RANGE_LOOP_ANALYSIS = YES;
				CLANG_WARN_STRICT_PROTOTYPES = YES;
				CLANG_WARN_SUSPICIOUS_MOVE = YES;
				CLANG_WARN_UNGUARDED_AVAILABILITY = YES_AGGRESSIVE;
				CLANG_WARN_UNREACHABLE_CODE = YES;
				CLANG_WARN__DUPLICATE_METHOD_MATCH = YES;
				COPY_PHASE_STRIP = NO;
				DEBUG_INFORMATION_FORMAT = "dwarf-with-dsym";
				ENABLE_NS_ASSERTIONS = NO;
				ENABLE_STRICT_OBJC_MSGSEND = YES;
				GCC_C_LANGUAGE_STANDARD = gnu11;
				GCC_NO_COMMON_BLOCKS = YES;
				GCC_WARN_64_TO_32_BIT_CONVERSION = YES;
				GCC_WARN_ABOUT_RETURN_TYPE = YES_ERROR;
				GCC_WARN_UNDECLARED_SELECTOR = YES;
				GCC_WARN_UNINITIALIZED_AUTOS = YES_AGGRESSIVE;
				GCC_WARN_UNUSED_FUNCTION = YES;
				GCC_WARN_UNUSED_VARIABLE = YES;
				IPHONEOS_DEPLOYMENT_TARGET = 15.0;
				MTL_ENABLE_DEBUG_INFO = NO;
				MTL_FAST_MATH = YES;
				SDKROOT = iphoneos;
				SWIFT_COMPILATION_MODE = wholemodule;
				SWIFT_OPTIMIZATION_LEVEL = "-O";
				VALIDATE_PRODUCT = YES;
			};
			name = Release;
		};
		FC7BD73A273A780C00FF89D4 /* Debug */ = {
			isa = XCBuildConfiguration;
			buildSettings = {
				ASSETCATALOG_COMPILER_APPICON_NAME = AppIcon;
				ASSETCATALOG_COMPILER_GLOBAL_ACCENT_COLOR_NAME = AccentColor;
				CODE_SIGN_STYLE = Automatic;
				CURRENT_PROJECT_VERSION = 1;
				GENERATE_INFOPLIST_FILE = YES;
				INFOPLIST_FILE = CustomCell/Info.plist;
				INFOPLIST_KEY_UIApplicationSupportsIndirectInputEvents = YES;
				INFOPLIST_KEY_UILaunchStoryboardName = LaunchScreen;
				INFOPLIST_KEY_UIMainStoryboardFile = Main;
				INFOPLIST_KEY_UISupportedInterfaceOrientations_iPad = "UIInterfaceOrientationPortrait UIInterfaceOrientationPortraitUpsideDown UIInterfaceOrientationLandscapeLeft UIInterfaceOrientationLandscapeRight";
				INFOPLIST_KEY_UISupportedInterfaceOrientations_iPhone = "UIInterfaceOrientationPortrait UIInterfaceOrientationLandscapeLeft UIInterfaceOrientationLandscapeRight";
				LD_RUNPATH_SEARCH_PATHS = (
					"$(inherited)",
					"@executable_path/Frameworks",
				);
				MARKETING_VERSION = 1.0;
				PRODUCT_BUNDLE_IDENTIFIER = com.practice.CustomCell;
				PRODUCT_NAME = "$(TARGET_NAME)";
				SWIFT_EMIT_LOC_STRINGS = YES;
				SWIFT_VERSION = 5.0;
				TARGETED_DEVICE_FAMILY = "1,2";
			};
			name = Debug;
		};
		FC7BD73B273A780C00FF89D4 /* Release */ = {
			isa = XCBuildConfiguration;
			buildSettings = {
				ASSETCATALOG_COMPILER_APPICON_NAME = AppIcon;
				ASSETCATALOG_COMPILER_GLOBAL_ACCENT_COLOR_NAME = AccentColor;
				CODE_SIGN_STYLE = Automatic;
				CURRENT_PROJECT_VERSION = 1;
				GENERATE_INFOPLIST_FILE = YES;
				INFOPLIST_FILE = CustomCell/Info.plist;
				INFOPLIST_KEY_UIApplicationSupportsIndirectInputEvents = YES;
				INFOPLIST_KEY_UILaunchStoryboardName = LaunchScreen;
				INFOPLIST_KEY_UIMainStoryboardFile = Main;
				INFOPLIST_KEY_UISupportedInterfaceOrientations_iPad = "UIInterfaceOrientationPortrait UIInterfaceOrientationPortraitUpsideDown UIInterfaceOrientationLandscapeLeft UIInterfaceOrientationLandscapeRight";
				INFOPLIST_KEY_UISupportedInterfaceOrientations_iPhone = "UIInterfaceOrientationPortrait UIInterfaceOrientationLandscapeLeft UIInterfaceOrientationLandscapeRight";
				LD_RUNPATH_SEARCH_PATHS = (
					"$(inherited)",
					"@executable_path/Frameworks",
				);
				MARKETING_VERSION = 1.0;
				PRODUCT_BUNDLE_IDENTIFIER = com.practice.CustomCell;
				PRODUCT_NAME = "$(TARGET_NAME)";
				SWIFT_EMIT_LOC_STRINGS = YES;
				SWIFT_VERSION = 5.0;
				TARGETED_DEVICE_FAMILY = "1,2";
			};
			name = Release;
		};
/* End XCBuildConfiguration section */

/* Begin XCConfigurationList section */
		FC7BD71D273A780A00FF89D4 /* Build configuration list for PBXProject "CustomCell" */ = {
			isa = XCConfigurationList;
			buildConfigurations = (
				FC7BD737273A780C00FF89D4 /* Debug */,
				FC7BD738273A780C00FF89D4 /* Release */,
			);
			defaultConfigurationIsVisible = 0;
			defaultConfigurationName = Release;
		};
		FC7BD739273A780C00FF89D4 /* Build configuration list for PBXNativeTarget "CustomCell" */ = {
			isa = XCConfigurationList;
			buildConfigurations = (
				FC7BD73A273A780C00FF89D4 /* Debug */,
				FC7BD73B273A780C00FF89D4 /* Release */,
			);
			defaultConfigurationIsVisible = 0;
			defaultConfigurationName = Release;
		};
/* End XCConfigurationList section */

/* Begin XCVersionGroup section */
		FC7BD72E273A780A00FF89D4 /* CustomCell.xcdatamodeld */ = {
			isa = XCVersionGroup;
			children = (
				FC7BD72F273A780A00FF89D4 /* CustomCell.xcdatamodel */,
			);
			currentVersion = FC7BD72F273A780A00FF89D4 /* CustomCell.xcdatamodel */;
			path = CustomCell.xcdatamodeld;
			sourceTree = "<group>";
			versionGroupType = wrapper.xcdatamodel;
		};
/* End XCVersionGroup section */
	};
	rootObject = FC7BD71A273A780A00FF89D4 /* Project object */;
}
